
Microsoft Visual Studio Solution File, Format Version 12.00
# Visual Studio Version 16
VisualStudioVersion = 16.0.30621.155
MinimumVisualStudioVersion = 10.0.40219.1
Project("{9A19103F-16F7-4668-BE54-9A1E7A4F7556}") = "Employee Register", "Employee Register.csproj", "{F7384C92-62E6-4D5A-8045-A2349B1F9421}"
EndProject
Global
	GlobalSection(SolutionConfigurationPlatforms) = preSolution
		Debug|Any CPU = Debug|Any CPU
		Release|Any CPU = Release|Any CPU
	EndGlobalSection
	GlobalSection(ProjectConfigurationPlatforms) = postSolution
		{F7384C92-62E6-4D5A-8045-A2349B1F9421}.Debug|Any CPU.ActiveCfg = Debug|Any CPU
		{F7384C92-62E6-4D5A-8045-A2349B1F9421}.Debug|Any CPU.Build.0 = Debug|Any CPU
		{F7384C92-62E6-4D5A-8045-A2349B1F9421}.Release|Any CPU.ActiveCfg = Release|Any CPU
		{F7384C92-62E6-4D5A-8045-A2349B1F9421}.Release|Any CPU.Build.0 = Release|Any CPU
	EndGlobalSection
	GlobalSection(SolutionProperties) = preSolution
		HideSolutionNode = FALSE
	EndGlobalSection
	GlobalSection(ExtensibilityGlobals) = postSolution
		SolutionGuid = {E3FE6543-4688-4D06-AA9E-94FAC768E4D4}
	EndGlobalSection
EndGlobal
